PODS:
  - Alamofire (4.4.0)
  - AlamofireImage (3.2.0):
    - Alamofire (~> 4.1)
  - AlamofireObjectMapper (4.1.0):
    - Alamofire (~> 4.1)
    - ObjectMapper (~> 2.0)
  - Cosmos (10.0.0)
  - ObjectMapper (2.2.7)

DEPENDENCIES:
  - Alamofire (~> 4.4)
  - AlamofireImage (~> 3.1)
  - AlamofireObjectMapper (~> 4.0)
  - Cosmos (~> 10.0)
  - ObjectMapper (~> 2.2)

SPEC CHECKSUMS:
  Alamofire: dc44b1600b800eb63da6a19039a0083d62a6a62d
  AlamofireImage: 157ed682cc81d3b9db4fb90c1f12180ac552d93b
  AlamofireObjectMapper: 435adc82f5b367679bd9e71c4974a54efd0b2521
  Cosmos: bb9310e73ad1ad472b183b848b959302c569cf09
  ObjectMapper: 65abcfd9a61cf7396cbd14a4fb22fddfcc46577e

PODFILE CHECKSUM: 2ecacf04c865445368f508b6812884eae43f1938

COCOAPODS: 1.2.1
